
Microsoft Visual Studio Solution File, Format Version 12.00
# Visual Studio Version 16
VisualStudioVersion = 16.0.30523.141
MinimumVisualStudioVersion = 10.0.40219.1
Project("{FAE04EC0-301F-11D3-BF4B-00C04F79EFBC}") = "MVCApp", "MVCApp\MVCApp.csproj", "{F692BB5F-00D4-4E65-BFEE-F171642CB77B}"
EndProject
Project("{FAE04EC0-301F-11D3-BF4B-00C04F79EFBC}") = "DataLib", "DataLib\DataLib.csproj", "{208FB202-FA10-4D93-B5B1-F231AEC2C575}"
EndProject
Global
	GlobalSection(SolutionConfigurationPlatforms) = preSolution
		Debug|Any CPU = Debug|Any CPU
		Release|Any CPU = Release|Any CPU
	EndGlobalSection
	GlobalSection(ProjectConfigurationPlatforms) = postSolution
		{F692BB5F-00D4-4E65-BFEE-F171642CB77B}.Debug|Any CPU.ActiveCfg = Debug|Any CPU
		{F692BB5F-00D4-4E65-BFEE-F171642CB77B}.Debug|Any CPU.Build.0 = Debug|Any CPU
		{F692BB5F-00D4-4E65-BFEE-F171642CB77B}.Release|Any CPU.ActiveCfg = Release|Any CPU
		{F692BB5F-00D4-4E65-BFEE-F171642CB77B}.Release|Any CPU.Build.0 = Release|Any CPU
		{208FB202-FA10-4D93-B5B1-F231AEC2C575}.Debug|Any CPU.ActiveCfg = Debug|Any CPU
		{208FB202-FA10-4D93-B5B1-F231AEC2C575}.Debug|Any CPU.Build.0 = Debug|Any CPU
		{208FB202-FA10-4D93-B5B1-F231AEC2C575}.Release|Any CPU.ActiveCfg = Release|Any CPU
		{208FB202-FA10-4D93-B5B1-F231AEC2C575}.Release|Any CPU.Build.0 = Release|Any CPU
	EndGlobalSection
	GlobalSection(SolutionProperties) = preSolution
		HideSolutionNode = FALSE
	EndGlobalSection
	GlobalSection(ExtensibilityGlobals) = postSolution
		SolutionGuid = {D8478BCF-DE7A-44DA-B03B-E4F23FABC702}
	EndGlobalSection
EndGlobal
